
Microsoft Visual Studio Solution File, Format Version 12.00
# Visual Studio Version 18
VisualStudioVersion = 18.9.12112.369
MinimumVisualStudioVersion = 10.0.40219.1
Project("{FAE04EC0-301F-11D3-BF4B-00C04F79EFBC}") = "ToolGood.ReadyGo", "ToolGood.ReadyGo\ToolGood.ReadyGo.csproj", "{E570774F-AA3E-433C-9B68-4BBD0F1879B8}"
EndProject
Project("{2150E333-8FDC-42A3-9474-1A3956D46DE8}") = "Test", "Test", "{5457A7B4-1B49-48D7-A250-BB64E699C67B}"
EndProject
Project("{FAE04EC0-301F-11D3-BF4B-00C04F79EFBC}") = "ToolGood.ReadyGo.Tests", "ToolGood.ReadyGo.Tests\ToolGood.ReadyGo.Tests.csproj", "{3CAF2014-AAF4-48AC-B7BA-D9EF6F2796E5}"
EndProject
Project("{FAE04EC0-301F-11D3-BF4B-00C04F79EFBC}") = "ToolGood.ReadyGo.MysqlTests", "ToolGood.ReadyGo.MysqlTests\ToolGood.ReadyGo.MysqlTests.csproj", "{922AF144-DC6A-4F70-A1C8-36CAC908A4E8}"
EndProject
Project("{FAE04EC0-301F-11D3-BF4B-00C04F79EFBC}") = "ToolGood.ReadyGo.DuckDbTests", "ToolGood.ReadyGo.DuckDbTests\ToolGood.ReadyGo.DuckDbTests.csproj", "{EF821586-CF0C-4FCE-9EE5-F28DE96B8A79}"
EndProject
Project("{FAE04EC0-301F-11D3-BF4B-00C04F79EFBC}") = "ToolGood.ReadyGo.FirebirdDbTests", "ToolGood.ReadyGo.FirebirdDbTests\ToolGood.ReadyGo.FirebirdDbTests.csproj", "{3A628E87-5065-4179-91D0-B7257372A314}"
EndProject
Project("{FAE04EC0-301F-11D3-BF4B-00C04F79EFBC}") = "ToolGood.ReadyGo.MsAccessDbTests", "ToolGood.ReadyGo.MsAccessDbTests\ToolGood.ReadyGo.MsAccessDbTests.csproj", "{81847167-0A28-4B15-807B-FCD8A7F409BF}"
EndProject
Global
	GlobalSection(SolutionConfigurationPlatforms) = preSolution
		Debug|Any CPU = Debug|Any CPU
		Debug|x64 = Debug|x64
		Debug|x86 = Debug|x86
		Release|Any CPU = Release|Any CPU
		Release|x64 = Release|x64
		Release|x86 = Release|x86
	EndGlobalSection
	GlobalSection(ProjectConfigurationPlatforms) = postSolution
		{E570774F-AA3E-433C-9B68-4BBD0F1879B8}.Debug|Any CPU.ActiveCfg = Debug|Any CPU
		{E570774F-AA3E-433C-9B68-4BBD0F1879B8}.Debug|Any CPU.Build.0 = Debug|Any CPU
		{E570774F-AA3E-433C-9B68-4BBD0F1879B8}.Debug|x64.ActiveCfg = Debug|Any CPU
		{E570774F-AA3E-433C-9B68-4BBD0F1879B8}.Debug|x64.Build.0 = Debug|Any CPU
		{E570774F-AA3E-433C-9B68-4BBD0F1879B8}.Debug|x86.ActiveCfg = Debug|Any CPU
		{E570774F-AA3E-433C-9B68-4BBD0F1879B8}.Debug|x86.Build.0 = Debug|Any CPU
		{E570774F-AA3E-433C-9B68-4BBD0F1879B8}.Release|Any CPU.ActiveCfg = Release|Any CPU
		{E570774F-AA3E-433C-9B68-4BBD0F1879B8}.Release|Any CPU.Build.0 = Release|Any CPU
		{E570774F-AA3E-433C-9B68-4BBD0F1879B8}.Release|x64.ActiveCfg = Release|Any CPU
		{E570774F-AA3E-433C-9B68-4BBD0F1879B8}.Release|x64.Build.0 = Release|Any CPU
		{E570774F-AA3E-433C-9B68-4BBD0F1879B8}.Release|x86.ActiveCfg = Release|Any CPU
		{E570774F-AA3E-433C-9B68-4BBD0F1879B8}.Release|x86.Build.0 = Release|Any CPU
		{3CAF2014-AAF4-48AC-B7BA-D9EF6F2796E5}.Debug|Any CPU.ActiveCfg = Debug|Any CPU
		{3CAF2014-AAF4-48AC-B7BA-D9EF6F2796E5}.Debug|Any CPU.Build.0 = Debug|Any CPU
		{3CAF2014-AAF4-48AC-B7BA-D9EF6F2796E5}.Debug|x64.ActiveCfg = Debug|Any CPU
		{3CAF2014-AAF4-48AC-B7BA-D9EF6F2796E5}.Debug|x64.Build.0 = Debug|Any CPU
		{3CAF2014-AAF4-48AC-B7BA-D9EF6F2796E5}.Debug|x86.ActiveCfg = Debug|Any CPU
		{3CAF2014-AAF4-48AC-B7BA-D9EF6F2796E5}.Debug|x86.Build.0 = Debug|Any CPU
		{3CAF2014-AAF4-48AC-B7BA-D9EF6F2796E5}.Release|Any CPU.ActiveCfg = Release|Any CPU
		{3CAF2014-AAF4-48AC-B7BA-D9EF6F2796E5}.Release|Any CPU.Build.0 = Release|Any CPU
		{3CAF2014-AAF4-48AC-B7BA-D9EF6F2796E5}.Release|x64.ActiveCfg = Release|Any CPU
		{3CAF2014-AAF4-48AC-B7BA-D9EF6F2796E5}.Release|x64.Build.0 = Release|Any CPU
		{3CAF2014-AAF4-48AC-B7BA-D9EF6F2796E5}.Release|x86.ActiveCfg = Release|Any CPU
		{3CAF2014-AAF4-48AC-B7BA-D9EF6F2796E5}.Release|x86.Build.0 = Release|Any CPU
		{922AF144-DC6A-4F70-A1C8-36CAC908A4E8}.Debug|Any CPU.ActiveCfg = Debug|Any CPU
		{922AF144-DC6A-4F70-A1C8-36CAC908A4E8}.Debug|Any CPU.Build.0 = Debug|Any CPU
		{922AF144-DC6A-4F70-A1C8-36CAC908A4E8}.Debug|x64.ActiveCfg = Debug|Any CPU
		{922AF144-DC6A-4F70-A1C8-36CAC908A4E8}.Debug|x64.Build.0 = Debug|Any CPU
		{922AF144-DC6A-4F70-A1C8-36CAC908A4E8}.Debug|x86.ActiveCfg = Debug|Any CPU
		{922AF144-DC6A-4F70-A1C8-36CAC908A4E8}.Debug|x86.Build.0 = Debug|Any CPU
		{922AF144-DC6A-4F70-A1C8-36CAC908A4E8}.Release|Any CPU.ActiveCfg = Release|Any CPU
		{922AF144-DC6A-4F70-A1C8-36CAC908A4E8}.Release|Any CPU.Build.0 = Release|Any CPU
		{922AF144-DC6A-4F70-A1C8-36CAC908A4E8}.Release|x64.ActiveCfg = Release|Any CPU
		{922AF144-DC6A-4F70-A1C8-36CAC908A4E8}.Release|x64.Build.0 = Release|Any CPU
		{922AF144-DC6A-4F70-A1C8-36CAC908A4E8}.Release|x86.ActiveCfg = Release|Any CPU
		{922AF144-DC6A-4F70-A1C8-36CAC908A4E8}.Release|x86.Build.0 = Release|Any CPU
		{EF821586-CF0C-4FCE-9EE5-F28DE96B8A79}.Debug|Any CPU.ActiveCfg = Debug|Any CPU
		{EF821586-CF0C-4FCE-9EE5-F28DE96B8A79}.Debug|Any CPU.Build.0 = Debug|Any CPU
		{EF821586-CF0C-4FCE-9EE5-F28DE96B8A79}.Debug|x64.ActiveCfg = Debug|Any CPU
		{EF821586-CF0C-4FCE-9EE5-F28DE96B8A79}.Debug|x64.Build.0 = Debug|Any CPU
		{EF821586-CF0C-4FCE-9EE5-F28DE96B8A79}.Debug|x86.ActiveCfg = Debug|Any CPU
		{EF821586-CF0C-4FCE-9EE5-F28DE96B8A79}.Debug|x86.Build.0 = Debug|Any CPU
		{EF821586-CF0C-4FCE-9EE5-F28DE96B8A79}.Release|Any CPU.ActiveCfg = Release|Any CPU
		{EF821586-CF0C-4FCE-9EE5-F28DE96B8A79}.Release|Any CPU.Build.0 = Release|Any CPU
		{EF821586-CF0C-4FCE-9EE5-F28DE96B8A79}.Release|x64.ActiveCfg = Release|Any CPU
		{EF821586-CF0C-4FCE-9EE5-F28DE96B8A79}.Release|x64.Build.0 = Release|Any CPU
		{EF821586-CF0C-4FCE-9EE5-F28DE96B8A79}.Release|x86.ActiveCfg = Release|Any CPU
		{EF821586-CF0C-4FCE-9EE5-F28DE96B8A79}.Release|x86.Build.0 = Release|Any CPU
		{3A628E87-5065-4179-91D0-B7257372A314}.Debug|Any CPU.ActiveCfg = Debug|Any CPU
		{3A628E87-5065-4179-91D0-B7257372A314}.Debug|Any CPU.Build.0 = Debug|Any CPU
		{3A628E87-5065-4179-91D0-B7257372A314}.Debug|x64.ActiveCfg = Debug|Any CPU
		{3A628E87-5065-4179-91D0-B7257372A314}.Debug|x64.Build.0 = Debug|Any CPU
		{3A628E87-5065-4179-91D0-B7257372A314}.Debug|x86.ActiveCfg = Debug|Any CPU
		{3A628E87-5065-4179-91D0-B7257372A314}.Debug|x86.Build.0 = Debug|Any CPU
		{3A628E87-5065-4179-91D0-B7257372A314}.Release|Any CPU.ActiveCfg = Release|Any CPU
		{3A628E87-5065-4179-91D0-B7257372A314}.Release|Any CPU.Build.0 = Release|Any CPU
		{3A628E87-5065-4179-91D0-B7257372A314}.Release|x64.ActiveCfg = Release|Any CPU
		{3A628E87-5065-4179-91D0-B7257372A314}.Release|x64.Build.0 = Release|Any CPU
		{3A628E87-5065-4179-91D0-B7257372A314}.Release|x86.ActiveCfg = Release|Any CPU
		{3A628E87-5065-4179-91D0-B7257372A314}.Release|x86.Build.0 = Release|Any CPU
		{81847167-0A28-4B15-807B-FCD8A7F409BF}.Debug|Any CPU.ActiveCfg = Debug|Any CPU
		{81847167-0A28-4B15-807B-FCD8A7F409BF}.Debug|Any CPU.Build.0 = Debug|Any CPU
		{81847167-0A28-4B15-807B-FCD8A7F409BF}.Debug|x64.ActiveCfg = Debug|Any CPU
		{81847167-0A28-4B15-807B-FCD8A7F409BF}.Debug|x64.Build.0 = Debug|Any CPU
		{81847167-0A28-4B15-807B-FCD8A7F409BF}.Debug|x86.ActiveCfg = Debug|Any CPU
		{81847167-0A28-4B15-807B-FCD8A7F409BF}.Debug|x86.Build.0 = Debug|Any CPU
		{81847167-0A28-4B15-807B-FCD8A7F409BF}.Release|Any CPU.ActiveCfg = Release|Any CPU
		{81847167-0A28-4B15-807B-FCD8A7F409BF}.Release|Any CPU.Build.0 = Release|Any CPU
		{81847167-0A28-4B15-807B-FCD8A7F409BF}.Release|x64.ActiveCfg = Release|Any CPU
		{81847167-0A28-4B15-807B-FCD8A7F409BF}.Release|x64.Build.0 = Release|Any CPU
		{81847167-0A28-4B15-807B-FCD8A7F409BF}.Release|x86.ActiveCfg = Release|Any CPU
		{81847167-0A28-4B15-807B-FCD8A7F409BF}.Release|x86.Build.0 = Release|Any CPU
	EndGlobalSection
	GlobalSection(SolutionProperties) = preSolution
		HideSolutionNode = FALSE
	EndGlobalSection
	GlobalSection(NestedProjects) = preSolution
		{3CAF2014-AAF4-48AC-B7BA-D9EF6F2796E5} = {5457A7B4-1B49-48D7-A250-BB64E699C67B}
		{922AF144-DC6A-4F70-A1C8-36CAC908A4E8} = {5457A7B4-1B49-48D7-A250-BB64E699C67B}
		{EF821586-CF0C-4FCE-9EE5-F28DE96B8A79} = {5457A7B4-1B49-48D7-A250-BB64E699C67B}
		{3A628E87-5065-4179-91D0-B7257372A314} = {5457A7B4-1B49-48D7-A250-BB64E699C67B}
		{81847167-0A28-4B15-807B-FCD8A7F409BF} = {5457A7B4-1B49-48D7-A250-BB64E699C67B}
	EndGlobalSection
	GlobalSection(ExtensibilityGlobals) = postSolution
		SolutionGuid = {E376842A-E987-421F-A2A5-0F08BEA3001F}
	EndGlobalSection
EndGlobal
